
Microsoft Visual Studio Solution File, Format Version 12.00
# Visual Studio Version 17
VisualStudioVersion = 17.6.33829.357
MinimumVisualStudioVersion = 10.0.40219.1
Project("{2150E333-8FDC-42A3-9474-1A3956D46DE8}") = "SkinsProject", "SkinsProject", "{E07D415E-D7BE-48C5-9D03-3B2A9C9BF87C}"
EndProject
Project("{9A19103F-16F7-4668-BE54-9A1E7A4F7556}") = "Skins.API", "Skins.API\Skins.API.csproj", "{4238AF6E-0D3E-4C69-AA21-D5FE0F62A930}"
EndProject
Project("{9A19103F-16F7-4668-BE54-9A1E7A4F7556}") = "Skins.Data", "Skins.Data\Skins.Data.csproj", "{6C66A2B5-B5FE-40F9-AD8B-3B10CE882D93}"
EndProject
Project("{9A19103F-16F7-4668-BE54-9A1E7A4F7556}") = "Skins.BLL", "Skins.BLL\Skins.BLL.csproj", "{84F0F978-096F-43B5-9288-AB7CB14D1F55}"
EndProject
Project("{9A19103F-16F7-4668-BE54-9A1E7A4F7556}") = "Skins.DAL", "Skins.DAL\Skins.DAL.csproj", "{9DAA5056-BC0E-42F6-87ED-96B5BC880FE8}"
EndProject
Project("{2150E333-8FDC-42A3-9474-1A3956D46DE8}") = "DonationsProject", "DonationsProject", "{096A1928-E5D1-45B2-821A-D88F90F79C17}"
EndProject
Project("{9A19103F-16F7-4668-BE54-9A1E7A4F7556}") = "Donations.Data", "Donations.Data\Donations.Data.csproj", "{8F197848-E5A4-4441-8534-97C39EF39746}"
EndProject
Project("{9A19103F-16F7-4668-BE54-9A1E7A4F7556}") = "Donations.DAL", "Donations.DAL\Donations.DAL.csproj", "{673C9456-0DA5-4848-86AB-14C4E54C4821}"
EndProject
Project("{9A19103F-16F7-4668-BE54-9A1E7A4F7556}") = "Donations.API", "Donations.API\Donations.API.csproj", "{C30A936C-CFFC-4EE4-9776-38E3D1D8E13B}"
EndProject
Project("{9A19103F-16F7-4668-BE54-9A1E7A4F7556}") = "Donations.BLL", "Donations.BLL\Donations.BLL.csproj", "{0FA962AD-B69C-4B36-ABC8-C846E1C893E0}"
EndProject
Project("{2150E333-8FDC-42A3-9474-1A3956D46DE8}") = "PlayerStatsProject", "PlayerStatsProject", "{5ED67A18-57D1-4959-A03F-69032E66C477}"
EndProject
Project("{9A19103F-16F7-4668-BE54-9A1E7A4F7556}") = "PlayerStats.Data", "PlayerStats.Data\PlayerStats.Data.csproj", "{D94217B8-7AE8-4336-BB83-85E4B2CE2A80}"
EndProject
Project("{9A19103F-16F7-4668-BE54-9A1E7A4F7556}") = "PlayerStats.DAL", "PlayerStats.DAL\PlayerStats.DAL.csproj", "{D41158CE-B0E4-4482-A183-70D089C3AA83}"
EndProject
Project("{9A19103F-16F7-4668-BE54-9A1E7A4F7556}") = "PlayerStats.API", "PlayerStats.API\PlayerStats.API.csproj", "{485D3D2B-346C-4A58-AB55-C81E686945BA}"
EndProject
Project("{9A19103F-16F7-4668-BE54-9A1E7A4F7556}") = "PlayerStats.BLL", "PlayerStats.BLL\PlayerStats.BLL.csproj", "{23D366DB-376C-49CA-8A12-C85FB1E575AF}"
EndProject
Project("{2150E333-8FDC-42A3-9474-1A3956D46DE8}") = "APIGateway", "APIGateway", "{EAF23920-7606-4ACF-A738-4AD69CF5BA30}"
EndProject
Project("{9A19103F-16F7-4668-BE54-9A1E7A4F7556}") = "APIGateway", "APIGateway\APIGateway.csproj", "{8C81B3B2-9EF5-4B0D-B84E-99C19AC7F349}"
EndProject
Project("{2150E333-8FDC-42A3-9474-1A3956D46DE8}") = "JWTAuthentification", "JWTAuthentification", "{61812032-A74C-4C02-80C1-78EE102D8C9C}"
EndProject
Project("{9A19103F-16F7-4668-BE54-9A1E7A4F7556}") = "Authorization.Data", "Authorization.Data\Authorization.Data.csproj", "{A8A5856F-4834-4F82-9AE6-B8829757DF84}"
EndProject
Project("{9A19103F-16F7-4668-BE54-9A1E7A4F7556}") = "Authorization.API", "Authorization.API\Authorization.API.csproj", "{1C1940D4-D317-41FC-8F1F-8F4E9B701A27}"
EndProject
Global
	GlobalSection(SolutionConfigurationPlatforms) = preSolution
		Debug|Any CPU = Debug|Any CPU
		Release|Any CPU = Release|Any CPU
	EndGlobalSection
	GlobalSection(ProjectConfigurationPlatforms) = postSolution
		{4238AF6E-0D3E-4C69-AA21-D5FE0F62A930}.Debug|Any CPU.ActiveCfg = Debug|Any CPU
		{4238AF6E-0D3E-4C69-AA21-D5FE0F62A930}.Debug|Any CPU.Build.0 = Debug|Any CPU
		{4238AF6E-0D3E-4C69-AA21-D5FE0F62A930}.Release|Any CPU.ActiveCfg = Release|Any CPU
		{4238AF6E-0D3E-4C69-AA21-D5FE0F62A930}.Release|Any CPU.Build.0 = Release|Any CPU
		{6C66A2B5-B5FE-40F9-AD8B-3B10CE882D93}.Debug|Any CPU.ActiveCfg = Debug|Any CPU
		{6C66A2B5-B5FE-40F9-AD8B-3B10CE882D93}.Debug|Any CPU.Build.0 = Debug|Any CPU
		{6C66A2B5-B5FE-40F9-AD8B-3B10CE882D93}.Release|Any CPU.ActiveCfg = Release|Any CPU
		{6C66A2B5-B5FE-40F9-AD8B-3B10CE882D93}.Release|Any CPU.Build.0 = Release|Any CPU
		{84F0F978-096F-43B5-9288-AB7CB14D1F55}.Debug|Any CPU.ActiveCfg = Debug|Any CPU
		{84F0F978-096F-43B5-9288-AB7CB14D1F55}.Debug|Any CPU.Build.0 = Debug|Any CPU
		{84F0F978-096F-43B5-9288-AB7CB14D1F55}.Release|Any CPU.ActiveCfg = Release|Any CPU
		{84F0F978-096F-43B5-9288-AB7CB14D1F55}.Release|Any CPU.Build.0 = Release|Any CPU
		{9DAA5056-BC0E-42F6-87ED-96B5BC880FE8}.Debug|Any CPU.ActiveCfg = Debug|Any CPU
		{9DAA5056-BC0E-42F6-87ED-96B5BC880FE8}.Debug|Any CPU.Build.0 = Debug|Any CPU
		{9DAA5056-BC0E-42F6-87ED-96B5BC880FE8}.Release|Any CPU.ActiveCfg = Release|Any CPU
		{9DAA5056-BC0E-42F6-87ED-96B5BC880FE8}.Release|Any CPU.Build.0 = Release|Any CPU
		{8F197848-E5A4-4441-8534-97C39EF39746}.Debug|Any CPU.ActiveCfg = Debug|Any CPU
		{8F197848-E5A4-4441-8534-97C39EF39746}.Debug|Any CPU.Build.0 = Debug|Any CPU
		{8F197848-E5A4-4441-8534-97C39EF39746}.Release|Any CPU.ActiveCfg = Release|Any CPU
		{8F197848-E5A4-4441-8534-97C39EF39746}.Release|Any CPU.Build.0 = Release|Any CPU
		{673C9456-0DA5-4848-86AB-14C4E54C4821}.Debug|Any CPU.ActiveCfg = Debug|Any CPU
		{673C9456-0DA5-4848-86AB-14C4E54C4821}.Debug|Any CPU.Build.0 = Debug|Any CPU
		{673C9456-0DA5-4848-86AB-14C4E54C4821}.Release|Any CPU.ActiveCfg = Release|Any CPU
		{673C9456-0DA5-4848-86AB-14C4E54C4821}.Release|Any CPU.Build.0 = Release|Any CPU
		{C30A936C-CFFC-4EE4-9776-38E3D1D8E13B}.Debug|Any CPU.ActiveCfg = Debug|Any CPU
		{C30A936C-CFFC-4EE4-9776-38E3D1D8E13B}.Debug|Any CPU.Build.0 = Debug|Any CPU
		{C30A936C-CFFC-4EE4-9776-38E3D1D8E13B}.Release|Any CPU.ActiveCfg = Release|Any CPU
		{C30A936C-CFFC-4EE4-9776-38E3D1D8E13B}.Release|Any CPU.Build.0 = Release|Any CPU
		{0FA962AD-B69C-4B36-ABC8-C846E1C893E0}.Debug|Any CPU.ActiveCfg = Debug|Any CPU
		{0FA962AD-B69C-4B36-ABC8-C846E1C893E0}.Debug|Any CPU.Build.0 = Debug|Any CPU
		{0FA962AD-B69C-4B36-ABC8-C846E1C893E0}.Release|Any CPU.ActiveCfg = Release|Any CPU
		{0FA962AD-B69C-4B36-ABC8-C846E1C893E0}.Release|Any CPU.Build.0 = Release|Any CPU
		{D94217B8-7AE8-4336-BB83-85E4B2CE2A80}.Debug|Any CPU.ActiveCfg = Debug|Any CPU
		{D94217B8-7AE8-4336-BB83-85E4B2CE2A80}.Debug|Any CPU.Build.0 = Debug|Any CPU
		{D94217B8-7AE8-4336-BB83-85E4B2CE2A80}.Release|Any CPU.ActiveCfg = Release|Any CPU
		{D94217B8-7AE8-4336-BB83-85E4B2CE2A80}.Release|Any CPU.Build.0 = Release|Any CPU
		{D41158CE-B0E4-4482-A183-70D089C3AA83}.Debug|Any CPU.ActiveCfg = Debug|Any CPU
		{D41158CE-B0E4-4482-A183-70D089C3AA83}.Debug|Any CPU.Build.0 = Debug|Any CPU
		{D41158CE-B0E4-4482-A183-70D089C3AA83}.Release|Any CPU.ActiveCfg = Release|Any CPU
		{D41158CE-B0E4-4482-A183-70D089C3AA83}.Release|Any CPU.Build.0 = Release|Any CPU
		{485D3D2B-346C-4A58-AB55-C81E686945BA}.Debug|Any CPU.ActiveCfg = Debug|Any CPU
		{485D3D2B-346C-4A58-AB55-C81E686945BA}.Debug|Any CPU.Build.0 = Debug|Any CPU
		{485D3D2B-346C-4A58-AB55-C81E686945BA}.Release|Any CPU.ActiveCfg = Release|Any CPU
		{485D3D2B-346C-4A58-AB55-C81E686945BA}.Release|Any CPU.Build.0 = Release|Any CPU
		{23D366DB-376C-49CA-8A12-C85FB1E575AF}.Debug|Any CPU.ActiveCfg = Debug|Any CPU
		{23D366DB-376C-49CA-8A12-C85FB1E575AF}.Debug|Any CPU.Build.0 = Debug|Any CPU
		{23D366DB-376C-49CA-8A12-C85FB1E575AF}.Release|Any CPU.ActiveCfg = Release|Any CPU
		{23D366DB-376C-49CA-8A12-C85FB1E575AF}.Release|Any CPU.Build.0 = Release|Any CPU
		{8C81B3B2-9EF5-4B0D-B84E-99C19AC7F349}.Debug|Any CPU.ActiveCfg = Debug|Any CPU
		{8C81B3B2-9EF5-4B0D-B84E-99C19AC7F349}.Debug|Any CPU.Build.0 = Debug|Any CPU
		{8C81B3B2-9EF5-4B0D-B84E-99C19AC7F349}.Release|Any CPU.ActiveCfg = Release|Any CPU
		{8C81B3B2-9EF5-4B0D-B84E-99C19AC7F349}.Release|Any CPU.Build.0 = Release|Any CPU
		{A8A5856F-4834-4F82-9AE6-B8829757DF84}.Debug|Any CPU.ActiveCfg = Debug|Any CPU
		{A8A5856F-4834-4F82-9AE6-B8829757DF84}.Debug|Any CPU.Build.0 = Debug|Any CPU
		{A8A5856F-4834-4F82-9AE6-B8829757DF84}.Release|Any CPU.ActiveCfg = Release|Any CPU
		{A8A5856F-4834-4F82-9AE6-B8829757DF84}.Release|Any CPU.Build.0 = Release|Any CPU
		{1C1940D4-D317-41FC-8F1F-8F4E9B701A27}.Debug|Any CPU.ActiveCfg = Debug|Any CPU
		{1C1940D4-D317-41FC-8F1F-8F4E9B701A27}.Debug|Any CPU.Build.0 = Debug|Any CPU
		{1C1940D4-D317-41FC-8F1F-8F4E9B701A27}.Release|Any CPU.ActiveCfg = Release|Any CPU
		{1C1940D4-D317-41FC-8F1F-8F4E9B701A27}.Release|Any CPU.Build.0 = Release|Any CPU
	EndGlobalSection
	GlobalSection(SolutionProperties) = preSolution
		HideSolutionNode = FALSE
	EndGlobalSection
	GlobalSection(NestedProjects) = preSolution
		{4238AF6E-0D3E-4C69-AA21-D5FE0F62A930} = {E07D415E-D7BE-48C5-9D03-3B2A9C9BF87C}
		{6C66A2B5-B5FE-40F9-AD8B-3B10CE882D93} = {E07D415E-D7BE-48C5-9D03-3B2A9C9BF87C}
		{84F0F978-096F-43B5-9288-AB7CB14D1F55} = {E07D415E-D7BE-48C5-9D03-3B2A9C9BF87C}
		{9DAA5056-BC0E-42F6-87ED-96B5BC880FE8} = {E07D415E-D7BE-48C5-9D03-3B2A9C9BF87C}
		{8F197848-E5A4-4441-8534-97C39EF39746} = {096A1928-E5D1-45B2-821A-D88F90F79C17}
		{673C9456-0DA5-4848-86AB-14C4E54C4821} = {096A1928-E5D1-45B2-821A-D88F90F79C17}
		{C30A936C-CFFC-4EE4-9776-38E3D1D8E13B} = {096A1928-E5D1-45B2-821A-D88F90F79C17}
		{0FA962AD-B69C-4B36-ABC8-C846E1C893E0} = {096A1928-E5D1-45B2-821A-D88F90F79C17}
		{D94217B8-7AE8-4336-BB83-85E4B2CE2A80} = {5ED67A18-57D1-4959-A03F-69032E66C477}
		{D41158CE-B0E4-4482-A183-70D089C3AA83} = {5ED67A18-57D1-4959-A03F-69032E66C477}
		{485D3D2B-346C-4A58-AB55-C81E686945BA} = {5ED67A18-57D1-4959-A03F-69032E66C477}
		{23D366DB-376C-49CA-8A12-C85FB1E575AF} = {5ED67A18-57D1-4959-A03F-69032E66C477}
		{8C81B3B2-9EF5-4B0D-B84E-99C19AC7F349} = {EAF23920-7606-4ACF-A738-4AD69CF5BA30}
		{A8A5856F-4834-4F82-9AE6-B8829757DF84} = {61812032-A74C-4C02-80C1-78EE102D8C9C}
		{1C1940D4-D317-41FC-8F1F-8F4E9B701A27} = {61812032-A74C-4C02-80C1-78EE102D8C9C}
	EndGlobalSection
	GlobalSection(ExtensibilityGlobals) = postSolution
		SolutionGuid = {B28D9A03-5DCF-4A0F-9F7B-23CECED8F1AD}
	EndGlobalSection
EndGlobal
